
Microsoft Visual Studio Solution File, Format Version 12.00
# Visual Studio Version 17
VisualStudioVersion = 17.4.33122.133
MinimumVisualStudioVersion = 10.0.40219.1
Project("{FAE04EC0-301F-11D3-BF4B-00C04F79EFBC}") = "Less17_View", "Less17_View.csproj", "{F286E0A1-C286-4869-81BB-9F62F3E2D680}"
EndProject
Global
	GlobalSection(SolutionConfigurationPlatforms) = preSolution
		Debug|Any CPU = Debug|Any CPU
		Release|Any CPU = Release|Any CPU
	EndGlobalSection
	GlobalSection(ProjectConfigurationPlatforms) = postSolution
		{F286E0A1-C286-4869-81BB-9F62F3E2D680}.Debug|Any CPU.ActiveCfg = Debug|Any CPU
		{F286E0A1-C286-4869-81BB-9F62F3E2D680}.Debug|Any CPU.Build.0 = Debug|Any CPU
		{F286E0A1-C286-4869-81BB-9F62F3E2D680}.Release|Any CPU.ActiveCfg = Release|Any CPU
		{F286E0A1-C286-4869-81BB-9F62F3E2D680}.Release|Any CPU.Build.0 = Release|Any CPU
	EndGlobalSection
	GlobalSection(SolutionProperties) = preSolution
		HideSolutionNode = FALSE
	EndGlobalSection
	GlobalSection(ExtensibilityGlobals) = postSolution
		SolutionGuid = {25AE435B-6F4E-44AC-BCC9-0ABCF92AF610}
	EndGlobalSection
EndGlobal
